<<<<<<< HEAD
Last acquired by C:\flutter_windows_3.44.0-stable\flutter\bin\cache\dart-sdk\bin\dart.exe (pid 23620) running file:///C:/flutter_windows_3.44.0-stable/flutter/bin/cache/flutter_tools.snapshot on 2026-06-22 14:34:46.989945.
=======
Last acquired by C:\flutter_windows_3.44.0-stable\flutter\bin\cache\dart-sdk\bin\dart.exe (pid 15872) running file:///C:/flutter_windows_3.44.0-stable/flutter/bin/cache/flutter_tools.snapshot on 2026-06-20 21:48:27.378825.
>>>>>>> 0bafda798c711ccdbff03b4e01897423b69b639f
